
Microsoft Visual Studio Solution File, Format Version 12.00
# Visual Studio Version 16
VisualStudioVersion = 16.0.29306.81
MinimumVisualStudioVersion = 10.0.40219.1
Project("{FAE04EC0-301F-11D3-BF4B-00C04F79EFBC}") = "App1", "App1\App1.csproj", "{27C22259-65E3-40EC-A5E1-F44F90B280D6}"
EndProject
Project("{FAE04EC0-301F-11D3-BF4B-00C04F79EFBC}") = "App2", "App2\App2.csproj", "{CC64A375-2374-41BD-88FF-ACD7C7F23A3C}"
EndProject
Project("{FAE04EC0-301F-11D3-BF4B-00C04F79EFBC}") = "App3", "App3\App3.csproj", "{08545260-4635-42FD-BC00-6650FCF09816}"
EndProject
Global
	GlobalSection(SolutionConfigurationPlatforms) = preSolution
		Debug|Any CPU = Debug|Any CPU
		Release|Any CPU = Release|Any CPU
	EndGlobalSection
	GlobalSection(ProjectConfigurationPlatforms) = postSolution
		{27C22259-65E3-40EC-A5E1-F44F90B280D6}.Debug|Any CPU.ActiveCfg = Debug|Any CPU
		{27C22259-65E3-40EC-A5E1-F44F90B280D6}.Debug|Any CPU.Build.0 = Debug|Any CPU
		{27C22259-65E3-40EC-A5E1-F44F90B280D6}.Release|Any CPU.ActiveCfg = Release|Any CPU
		{27C22259-65E3-40EC-A5E1-F44F90B280D6}.Release|Any CPU.Build.0 = Release|Any CPU
		{CC64A375-2374-41BD-88FF-ACD7C7F23A3C}.Debug|Any CPU.ActiveCfg = Debug|Any CPU
		{CC64A375-2374-41BD-88FF-ACD7C7F23A3C}.Debug|Any CPU.Build.0 = Debug|Any CPU
		{CC64A375-2374-41BD-88FF-ACD7C7F23A3C}.Release|Any CPU.ActiveCfg = Release|Any CPU
		{CC64A375-2374-41BD-88FF-ACD7C7F23A3C}.Release|Any CPU.Build.0 = Release|Any CPU
		{08545260-4635-42FD-BC00-6650FCF09816}.Debug|Any CPU.ActiveCfg = Debug|Any CPU
		{08545260-4635-42FD-BC00-6650FCF09816}.Debug|Any CPU.Build.0 = Debug|Any CPU
		{08545260-4635-42FD-BC00-6650FCF09816}.Release|Any CPU.ActiveCfg = Release|Any CPU
		{08545260-4635-42FD-BC00-6650FCF09816}.Release|Any CPU.Build.0 = Release|Any CPU
	EndGlobalSection
	GlobalSection(SolutionProperties) = preSolution
		HideSolutionNode = FALSE
	EndGlobalSection
	GlobalSection(ExtensibilityGlobals) = postSolution
		SolutionGuid = {6037562E-A60D-483C-A8FF-BB44838F57BB}
	EndGlobalSection
EndGlobal
